
Microsoft Visual Studio Solution File, Format Version 12.00
# Visual Studio 14
VisualStudioVersion = 14.0.25420.1
MinimumVisualStudioVersion = 10.0.40219.1
Project("{FAE04EC0-301F-11D3-BF4B-00C04F79EFBC}") = "Schedule", "Schedule\Schedule.csproj", "{9FF767C9-F4B4-4C3F-878C-1305DE003E37}"
EndProject
Project("{FAE04EC0-301F-11D3-BF4B-00C04F79EFBC}") = "Schedule.DAL", "Schedule.DAC\Schedule.DAL.csproj", "{685D77CD-E06D-4901-9A76-5640EC27D510}"
EndProject
Project("{00D1A9C2-B5F0-4AF3-8072-F6C62B433612}") = "ScheduleDataBase", "Database2\ScheduleDataBase.sqlproj", "{7FBCCD26-9EDD-434F-A018-9BA4A6C58D5C}"
EndProject
Project("{FAE04EC0-301F-11D3-BF4B-00C04F79EFBC}") = "Schedule.BLL", "Schedule.BLL\Schedule.BLL.csproj", "{E97B5E07-8338-42EB-9038-D64787810067}"
EndProject
Project("{00D1A9C2-B5F0-4AF3-8072-F6C62B433612}") = "Schedule.DB", "Schedule.DB\Schedule.DB.sqlproj", "{9F037EC6-8A78-454C-8B3D-B4F3828059BD}"
EndProject
Global
	GlobalSection(SolutionConfigurationPlatforms) = preSolution
		Debug|Any CPU = Debug|Any CPU
		Release|Any CPU = Release|Any CPU
	EndGlobalSection
	GlobalSection(ProjectConfigurationPlatforms) = postSolution
		{9FF767C9-F4B4-4C3F-878C-1305DE003E37}.Debug|Any CPU.ActiveCfg = Debug|Any CPU
		{9FF767C9-F4B4-4C3F-878C-1305DE003E37}.Debug|Any CPU.Build.0 = Debug|Any CPU
		{9FF767C9-F4B4-4C3F-878C-1305DE003E37}.Release|Any CPU.ActiveCfg = Release|Any CPU
		{9FF767C9-F4B4-4C3F-878C-1305DE003E37}.Release|Any CPU.Build.0 = Release|Any CPU
		{685D77CD-E06D-4901-9A76-5640EC27D510}.Debug|Any CPU.ActiveCfg = Debug|Any CPU
		{685D77CD-E06D-4901-9A76-5640EC27D510}.Debug|Any CPU.Build.0 = Debug|Any CPU
		{685D77CD-E06D-4901-9A76-5640EC27D510}.Release|Any CPU.ActiveCfg = Release|Any CPU
		{685D77CD-E06D-4901-9A76-5640EC27D510}.Release|Any CPU.Build.0 = Release|Any CPU
		{7FBCCD26-9EDD-434F-A018-9BA4A6C58D5C}.Debug|Any CPU.ActiveCfg = Debug|Any CPU
		{7FBCCD26-9EDD-434F-A018-9BA4A6C58D5C}.Debug|Any CPU.Build.0 = Debug|Any CPU
		{7FBCCD26-9EDD-434F-A018-9BA4A6C58D5C}.Debug|Any CPU.Deploy.0 = Debug|Any CPU
		{7FBCCD26-9EDD-434F-A018-9BA4A6C58D5C}.Release|Any CPU.ActiveCfg = Release|Any CPU
		{7FBCCD26-9EDD-434F-A018-9BA4A6C58D5C}.Release|Any CPU.Build.0 = Release|Any CPU
		{7FBCCD26-9EDD-434F-A018-9BA4A6C58D5C}.Release|Any CPU.Deploy.0 = Release|Any CPU
		{E97B5E07-8338-42EB-9038-D64787810067}.Debug|Any CPU.ActiveCfg = Debug|Any CPU
		{E97B5E07-8338-42EB-9038-D64787810067}.Debug|Any CPU.Build.0 = Debug|Any CPU
		{E97B5E07-8338-42EB-9038-D64787810067}.Release|Any CPU.ActiveCfg = Release|Any CPU
		{E97B5E07-8338-42EB-9038-D64787810067}.Release|Any CPU.Build.0 = Release|Any CPU
		{9F037EC6-8A78-454C-8B3D-B4F3828059BD}.Debug|Any CPU.ActiveCfg = Debug|Any CPU
		{9F037EC6-8A78-454C-8B3D-B4F3828059BD}.Debug|Any CPU.Build.0 = Debug|Any CPU
		{9F037EC6-8A78-454C-8B3D-B4F3828059BD}.Debug|Any CPU.Deploy.0 = Debug|Any CPU
		{9F037EC6-8A78-454C-8B3D-B4F3828059BD}.Release|Any CPU.ActiveCfg = Release|Any CPU
		{9F037EC6-8A78-454C-8B3D-B4F3828059BD}.Release|Any CPU.Build.0 = Release|Any CPU
		{9F037EC6-8A78-454C-8B3D-B4F3828059BD}.Release|Any CPU.Deploy.0 = Release|Any CPU
	EndGlobalSection
	GlobalSection(SolutionProperties) = preSolution
		HideSolutionNode = FALSE
	EndGlobalSection
EndGlobal
